
Microsoft Visual Studio Solution File, Format Version 12.00
# Visual Studio Version 17
VisualStudioVersion = 17.9.34728.123
MinimumVisualStudioVersion = 10.0.40219.1
Project("{FAE04EC0-301F-11D3-BF4B-00C04F79EFBC}") = "Student Management", "Student Management.csproj", "{90BD849D-1008-443B-AB90-7EA36E39E87C}"
EndProject
Global
	GlobalSection(SolutionConfigurationPlatforms) = preSolution
		Debug|Any CPU = Debug|Any CPU
		Release|Any CPU = Release|Any CPU
	EndGlobalSection
	GlobalSection(ProjectConfigurationPlatforms) = postSolution
		{90BD849D-1008-443B-AB90-7EA36E39E87C}.Debug|Any CPU.ActiveCfg = Debug|Any CPU
		{90BD849D-1008-443B-AB90-7EA36E39E87C}.Debug|Any CPU.Build.0 = Debug|Any CPU
		{90BD849D-1008-443B-AB90-7EA36E39E87C}.Release|Any CPU.ActiveCfg = Release|Any CPU
		{90BD849D-1008-443B-AB90-7EA36E39E87C}.Release|Any CPU.Build.0 = Release|Any CPU
	EndGlobalSection
	GlobalSection(SolutionProperties) = preSolution
		HideSolutionNode = FALSE
	EndGlobalSection
	GlobalSection(ExtensibilityGlobals) = postSolution
		SolutionGuid = {84B9D248-2963-49C2-8FBB-00784D95204B}
	EndGlobalSection
EndGlobal
